// !$*UTF8*$!
{
	archiveVersion = 1;
	classes = {
	};
	objectVersion = 56;
	objects = {

/* Begin PBXBuildFile section */
		4F3E53D729F14A5800AE087F /* RecommendationsViewController.swift in Sources */ = {isa = PBXBuildFile; fileRef = 4F3E53D629F14A5800AE087F /* RecommendationsViewController.swift */; };
		4F975D8D29D4F1EF00A31188 /* SignupViewController.swift in Sources */ = {isa = PBXBuildFile; fileRef = 4F975D8C29D4F1EF00A31188 /* SignupViewController.swift */; };
		4F975D8F29D4F49100A31188 /* LoginViewController.swift in Sources */ = {isa = PBXBuildFile; fileRef = 4F975D8E29D4F49100A31188 /* LoginViewController.swift */; };
		4F975D9129D4F79A00A31188 /* GoogleService-Info.plist in Resources */ = {isa = PBXBuildFile; fileRef = 4F975D9029D4F79A00A31188 /* GoogleService-Info.plist */; };
		4F975D9429D4F89C00A31188 /* FirebaseAuth in Frameworks */ = {isa = PBXBuildFile; productRef = 4F975D9329D4F89B00A31188 /* FirebaseAuth */; };
		4FAB28E729E97BBA00E68E80 /* StatisticsViewController.swift in Sources */ = {isa = PBXBuildFile; fileRef = 4FAB28E629E97BBA00E68E80 /* StatisticsViewController.swift */; };
		4FD8AC7329D4D24600CA760A /* AppDelegate.swift in Sources */ = {isa = PBXBuildFile; fileRef = 4FD8AC7229D4D24600CA760A /* AppDelegate.swift */; };
		4FD8AC7529D4D24600CA760A /* SceneDelegate.swift in Sources */ = {isa = PBXBuildFile; fileRef = 4FD8AC7429D4D24600CA760A /* SceneDelegate.swift */; };
		4FD8AC7729D4D24600CA760A /* ViewController.swift in Sources */ = {isa = PBXBuildFile; fileRef = 4FD8AC7629D4D24600CA760A /* ViewController.swift */; };
		4FD8AC7A29D4D24600CA760A /* Main.storyboard in Resources */ = {isa = PBXBuildFile; fileRef = 4FD8AC7829D4D24600CA760A /* Main.storyboard */; };
		4FD8AC7C29D4D24900CA760A /* Assets.xcassets in Resources */ = {isa = PBXBuildFile; fileRef = 4FD8AC7B29D4D24900CA760A /* Assets.xcassets */; };
		4FD8AC7F29D4D24900CA760A /* LaunchScreen.storyboard in Resources */ = {isa = PBXBuildFile; fileRef = 4FD8AC7D29D4D24900CA760A /* LaunchScreen.storyboard */; };
		4FF0F18E29E7D9810017416D /* FormViewController.swift in Sources */ = {isa = PBXBuildFile; fileRef = 4FF0F18D29E7D9810017416D /* FormViewController.swift */; };
		576B8EB2E8148FC986E17C4A /* Pods_FYP.framework in Frameworks */ = {isa = PBXBuildFile; fileRef = 083158D03CB62FD8D12D6CF3 /* Pods_FYP.framework */; };
/* End PBXBuildFile section */

/* Begin PBXFileReference section */
		083158D03CB62FD8D12D6CF3 /* Pods_FYP.framework */ = {isa = PBXFileReference; explicitFileType = wrapper.framework; includeInIndex = 0; path = Pods_FYP.framework; sourceTree = BUILT_PRODUCTS_DIR; };
		3CB82B736B16BAFAC8ECF0E8 /* Pods-FYP.release.xcconfig */ = {isa = PBXFileReference; includeInIndex = 1; lastKnownFileType = text.xcconfig; name = "Pods-FYP.release.xcconfig"; path = "Target Support Files/Pods-FYP/Pods-FYP.release.xcconfig"; sourceTree = "<group>"; };
		4F3E53D629F14A5800AE087F /* RecommendationsViewController.swift */ = {isa = PBXFileReference; lastKnownFileType = sourcecode.swift; path = RecommendationsViewController.swift; sourceTree = "<group>"; };
		4F975D8C29D4F1EF00A31188 /* SignupViewController.swift */ = {isa = PBXFileReference; lastKnownFileType = sourcecode.swift; path = SignupViewController.swift; sourceTree = "<group>"; };
		4F975D8E29D4F49100A31188 /* LoginViewController.swift */ = {isa = PBXFileReference; lastKnownFileType = sourcecode.swift; path = LoginViewController.swift; sourceTree = "<group>"; };
		4F975D9029D4F79A00A31188 /* GoogleService-Info.plist */ = {isa = PBXFileReference; fileEncoding = 4; lastKnownFileType = text.plist.xml; path = "GoogleService-Info.plist"; sourceTree = "<group>"; };
		4FAB28E629E97BBA00E68E80 /* StatisticsViewController.swift */ = {isa = PBXFileReference; lastKnownFileType = sourcecode.swift; path = StatisticsViewController.swift; sourceTree = "<group>"; };
		4FD8AC6F29D4D24600CA760A /* FYP.app */ = {isa = PBXFileReference; explicitFileType = wrapper.application; includeInIndex = 0; path = FYP.app; sourceTree = BUILT_PRODUCTS_DIR; };
		4FD8AC7229D4D24600CA760A /* AppDelegate.swift */ = {isa = PBXFileReference; lastKnownFileType = sourcecode.swift; path = AppDelegate.swift; sourceTree = "<group>"; };
		4FD8AC7429D4D24600CA760A /* SceneDelegate.swift */ = {isa = PBXFileReference; lastKnownFileType = sourcecode.swift; path = SceneDelegate.swift; sourceTree = "<group>"; };
		4FD8AC7629D4D24600CA760A /* ViewController.swift */ = {isa = PBXFileReference; lastKnownFileType = sourcecode.swift; path = ViewController.swift; sourceTree = "<group>"; };
		4FD8AC7929D4D24600CA760A /* Base */ = {isa = PBXFileReference; lastKnownFileType = file.storyboard; name = Base; path = Base.lproj/Main.storyboard; sourceTree = "<group>"; };
		4FD8AC7B29D4D24900CA760A /* Assets.xcassets */ = {isa = PBXFileReference; lastKnownFileType = folder.assetcatalog; path = Assets.xcassets; sourceTree = "<group>"; };
		4FD8AC7E29D4D24900CA760A /* Base */ = {isa = PBXFileReference; lastKnownFileType = file.storyboard; name = Base; path = Base.lproj/LaunchScreen.storyboard; sourceTree = "<group>"; };
		4FD8AC8029D4D24900CA760A /* Info.plist */ = {isa = PBXFileReference; lastKnownFileType = text.plist.xml; path = Info.plist; sourceTree = "<group>"; };
		4FF0F18D29E7D9810017416D /* FormViewController.swift */ = {isa = PBXFileReference; lastKnownFileType = sourcecode.swift; path = FormViewController.swift; sourceTree = "<group>"; };
		F5DD70EDD11C17C0EC2CB491 /* Pods-FYP.debug.xcconfig */ = {isa = PBXFileReference; includeInIndex = 1; lastKnownFileType = text.xcconfig; name = "Pods-FYP.debug.xcconfig"; path = "Target Support Files/Pods-FYP/Pods-FYP.debug.xcconfig"; sourceTree = "<group>"; };
/* End PBXFileReference section */

/* Begin PBXFrameworksBuildPhase section */
		4FD8AC6C29D4D24600CA760A /* Frameworks */ = {
			isa = PBXFrameworksBuildPhase;
			buildActionMask = 2147483647;
			files = (
				4F975D9429D4F89C00A31188 /* FirebaseAuth in Frameworks */,
				576B8EB2E8148FC986E17C4A /* Pods_FYP.framework in Frameworks */,
			);
			runOnlyForDeploymentPostprocessing = 0;
		};
/* End PBXFrameworksBuildPhase section */

/* Begin PBXGroup section */
		27D7744C1C6C2413485D74C3 /* Frameworks */ = {
			isa = PBXGroup;
			children = (
				083158D03CB62FD8D12D6CF3 /* Pods_FYP.framework */,
			);
			name = Frameworks;
			sourceTree = "<group>";
		};
		4FD8AC6629D4D24600CA760A = {
			isa = PBXGroup;
			children = (
				4FD8AC7129D4D24600CA760A /* FYP */,
				4FD8AC7029D4D24600CA760A /* Products */,
				8C858CA7785A75647FF013CC /* Pods */,
				27D7744C1C6C2413485D74C3 /* Frameworks */,
			);
			sourceTree = "<group>";
		};
		4FD8AC7029D4D24600CA760A /* Products */ = {
			isa = PBXGroup;
			children = (
				4FD8AC6F29D4D24600CA760A /* FYP.app */,
			);
			name = Products;
			sourceTree = "<group>";
		};
		4FD8AC7129D4D24600CA760A /* FYP */ = {
			isa = PBXGroup;
			children = (
				4FD8AC7229D4D24600CA760A /* AppDelegate.swift */,
				4FD8AC7429D4D24600CA760A /* SceneDelegate.swift */,
				4FD8AC7629D4D24600CA760A /* ViewController.swift */,
				4F975D8E29D4F49100A31188 /* LoginViewController.swift */,
				4F975D8C29D4F1EF00A31188 /* SignupViewController.swift */,
				4FD8AC7829D4D24600CA760A /* Main.storyboard */,
				4F3E53D629F14A5800AE087F /* RecommendationsViewController.swift */,
				4FAB28E629E97BBA00E68E80 /* StatisticsViewController.swift */,
				4FF0F18D29E7D9810017416D /* FormViewController.swift */,
				4FD8AC7B29D4D24900CA760A /* Assets.xcassets */,
				4FD8AC7D29D4D24900CA760A /* LaunchScreen.storyboard */,
				4FD8AC8029D4D24900CA760A /* Info.plist */,
				4F975D9029D4F79A00A31188 /* GoogleService-Info.plist */,
			);
			path = FYP;
			sourceTree = "<group>";
		};
		8C858CA7785A75647FF013CC /* Pods */ = {
			isa = PBXGroup;
			children = (
				F5DD70EDD11C17C0EC2CB491 /* Pods-FYP.debug.xcconfig */,
				3CB82B736B16BAFAC8ECF0E8 /* Pods-FYP.release.xcconfig */,
			);
			path = Pods;
			sourceTree = "<group>";
		};
/* End PBXGroup section */

/* Begin PBXNativeTarget section */
		4FD8AC6E29D4D24600CA760A /* FYP */ = {
			isa = PBXNativeTarget;
			buildConfigurationList = 4FD8AC8329D4D24900CA760A /* Build configuration list for PBXNativeTarget "FYP" */;
			buildPhases = (
				AB6090118462C762BF3A8F26 /* [CP] Check Pods Manifest.lock */,
				4FD8AC6B29D4D24600CA760A /* Sources */,
				4FD8AC6C29D4D24600CA760A /* Frameworks */,
				4FD8AC6D29D4D24600CA760A /* Resources */,
				538C4C021C76F82D93DB17A4 /* [CP] Embed Pods Frameworks */,
			);
			buildRules = (
			);
			dependencies = (
			);
			name = FYP;
			packageProductDependencies = (
				4F975D9329D4F89B00A31188 /* FirebaseAuth */,
			);
			productName = FYP;
			productReference = 4FD8AC6F29D4D24600CA760A /* FYP.app */;
			productType = "com.apple.product-type.application";
		};
/* End PBXNativeTarget section */

/* Begin PBXProject section */
		4FD8AC6729D4D24600CA760A /* Project object */ = {
			isa = PBXProject;
			attributes = {
				BuildIndependentTargetsInParallel = 1;
				LastSwiftUpdateCheck = 1420;
				LastUpgradeCheck = 1420;
				TargetAttributes = {
					4FD8AC6E29D4D24600CA760A = {
						CreatedOnToolsVersion = 14.2;
					};
				};
			};
			buildConfigurationList = 4FD8AC6A29D4D24600CA760A /* Build configuration list for PBXProject "FYP" */;
			compatibilityVersion = "Xcode 14.0";
			developmentRegion = en;
			hasScannedForEncodings = 0;
			knownRegions = (
				en,
				Base,
			);
			mainGroup = 4FD8AC6629D4D24600CA760A;
			packageReferences = (
				4F975D9229D4F89B00A31188 /* XCRemoteSwiftPackageReference "firebase-ios-sdk" */,
			);
			productRefGroup = 4FD8AC7029D4D24600CA760A /* Products */;
			projectDirPath = "";
			projectRoot = "";
			targets = (
				4FD8AC6E29D4D24600CA760A /* FYP */,
			);
		};
/* End PBXProject section */

/* Begin PBXResourcesBuildPhase section */
		4FD8AC6D29D4D24600CA760A /* Resources */ = {
			isa = PBXResourcesBuildPhase;
			buildActionMask = 2147483647;
			files = (
				4FD8AC7F29D4D24900CA760A /* LaunchScreen.storyboard in Resources */,
				4F975D9129D4F79A00A31188 /* GoogleService-Info.plist in Resources */,
				4FD8AC7C29D4D24900CA760A /* Assets.xcassets in Resources */,
				4FD8AC7A29D4D24600CA760A /* Main.storyboard in Resources */,
			);
			runOnlyForDeploymentPostprocessing = 0;
		};
/* End PBXResourcesBuildPhase section */

/* Begin PBXShellScriptBuildPhase section */
		538C4C021C76F82D93DB17A4 /* [CP] Embed Pods Frameworks */ = {
			isa = PBXShellScriptBuildPhase;
			buildActionMask = 2147483647;
			files = (
			);
			inputFileListPaths = (
				"${PODS_ROOT}/Target Support Files/Pods-FYP/Pods-FYP-frameworks-${CONFIGURATION}-input-files.xcfilelist",
			);
			name = "[CP] Embed Pods Frameworks";
			outputFileListPaths = (
				"${PODS_ROOT}/Target Support Files/Pods-FYP/Pods-FYP-frameworks-${CONFIGURATION}-output-files.xcfilelist",
			);
			runOnlyForDeploymentPostprocessing = 0;
			shellPath = /bin/sh;
			shellScript = "\"${PODS_ROOT}/Target Support Files/Pods-FYP/Pods-FYP-frameworks.sh\"\n";
			showEnvVarsInLog = 0;
		};
		AB6090118462C762BF3A8F26 /* [CP] Check Pods Manifest.lock */ = {
			isa = PBXShellScriptBuildPhase;
			buildActionMask = 2147483647;
			files = (
			);
			inputFileListPaths = (
			);
			inputPaths = (
				"${PODS_PODFILE_DIR_PATH}/Podfile.lock",
				"${PODS_ROOT}/Manifest.lock",
			);
			name = "[CP] Check Pods Manifest.lock";
			outputFileListPaths = (
			);
			outputPaths = (
				"$(DERIVED_FILE_DIR)/Pods-FYP-checkManifestLockResult.txt",
			);
			runOnlyForDeploymentPostprocessing = 0;
			shellPath = /bin/sh;
			shellScript = "diff \"${PODS_PODFILE_DIR_PATH}/Podfile.lock\" \"${PODS_ROOT}/Manifest.lock\" > /dev/null\nif [ $? != 0 ] ; then\n    # print error to STDERR\n    echo \"error: The sandbox is not in sync with the Podfile.lock. Run 'pod install' or update your CocoaPods installation.\" >&2\n    exit 1\nfi\n# This output is used by Xcode 'outputs' to avoid re-running this script phase.\necho \"SUCCESS\" > \"${SCRIPT_OUTPUT_FILE_0}\"\n";
			showEnvVarsInLog = 0;
		};
/* End PBXShellScriptBuildPhase section */

/* Begin PBXSourcesBuildPhase section */
		4FD8AC6B29D4D24600CA760A /* Sources */ = {
			isa = PBXSourcesBuildPhase;
			buildActionMask = 2147483647;
			files = (
				4FF0F18E29E7D9810017416D /* FormViewController.swift in Sources */,
				4FD8AC7729D4D24600CA760A /* ViewController.swift in Sources */,
				4FD8AC7329D4D24600CA760A /* AppDelegate.swift in Sources */,
				4F975D8D29D4F1EF00A31188 /* SignupViewController.swift in Sources */,
				4F975D8F29D4F49100A31188 /* LoginViewController.swift in Sources */,
				4F3E53D729F14A5800AE087F /* RecommendationsViewController.swift in Sources */,
				4FD8AC7529D4D24600CA760A /* SceneDelegate.swift in Sources */,
				4FAB28E729E97BBA00E68E80 /* StatisticsViewController.swift in Sources */,
			);
			runOnlyForDeploymentPostprocessing = 0;
		};
/* End PBXSourcesBuildPhase section */

/* Begin PBXVariantGroup section */
		4FD8AC7829D4D24600CA760A /* Main.storyboard */ = {
			isa = PBXVariantGroup;
			children = (
				4FD8AC7929D4D24600CA760A /* Base */,
			);
			name = Main.storyboard;
			sourceTree = "<group>";
		};
		4FD8AC7D29D4D24900CA760A /* LaunchScreen.storyboard */ = {
			isa = PBXVariantGroup;
			children = (
				4FD8AC7E29D4D24900CA760A /* Base */,
			);
			name = LaunchScreen.storyboard;
			sourceTree = "<group>";
		};
/* End PBXVariantGroup section */

/* Begin XCBuildConfiguration section */
		4FD8AC8129D4D24900CA760A /* Debug */ = {
			isa = XCBuildConfiguration;
			buildSettings = {
				ALWAYS_SEARCH_USER_PATHS = NO;
				CLANG_ANALYZER_NONNULL = YES;
				CLANG_ANALYZER_NUMBER_OBJECT_CONVERSION = YES_AGGRESSIVE;
				CLANG_CXX_LANGUAGE_STANDARD = "gnu++20";
				CLANG_ENABLE_MODULES = YES;
				CLANG_ENABLE_OBJC_ARC = YES;
				CLANG_ENABLE_OBJC_WEAK = YES;
				CLANG_WARN_BLOCK_CAPTURE_AUTORELEASING = YES;
				CLANG_WARN_BOOL_CONVERSION = YES;
				CLANG_WARN_COMMA = YES;
				CLANG_WARN_CONSTANT_CONVERSION = YES;
				CLANG_WARN_DEPRECATED_OBJC_IMPLEMENTATIONS = YES;
				CLANG_WARN_DIRECT_OBJC_ISA_USAGE = YES_ERROR;
				CLANG_WARN_DOCUMENTATION_COMMENTS = YES;
				CLANG_WARN_EMPTY_BODY = YES;
				CLANG_WARN_ENUM_CONVERSION = YES;
				CLANG_WARN_INFINITE_RECURSION = YES;
				CLANG_WARN_INT_CONVERSION = YES;
				CLANG_WARN_NON_LITERAL_NULL_CONVERSION = YES;
				CLANG_WARN_OBJC_IMPLICIT_RETAIN_SELF = YES;
				CLANG_WARN_OBJC_LITERAL_CONVERSION = YES;
				CLANG_WARN_OBJC_ROOT_CLASS = YES_ERROR;
				CLANG_WARN_QUOTED_INCLUDE_IN_FRAMEWORK_HEADER = YES;
				CLANG_WARN_RANGE_LOOP_ANALYSIS = YES;
				CLANG_WARN_STRICT_PROTOTYPES = YES;
				CLANG_WARN_SUSPICIOUS_MOVE = YES;
				CLANG_WARN_UNGUARDED_AVAILABILITY = YES_AGGRESSIVE;
				CLANG_WARN_UNREACHABLE_CODE = YES;
				CLANG_WARN__DUPLICATE_METHOD_MATCH = YES;
				COPY_PHASE_STRIP = NO;
				DEBUG_INFORMATION_FORMAT = dwarf;
				ENABLE_STRICT_OBJC_MSGSEND = YES;
				ENABLE_TESTABILITY = YES;
				GCC_C_LANGUAGE_STANDARD = gnu11;
				GCC_DYNAMIC_NO_PIC = NO;
				GCC_NO_COMMON_BLOCKS = YES;
				GCC_OPTIMIZATION_LEVEL = 0;
				GCC_PREPROCESSOR_DEFINITIONS = (
					"DEBUG=1",
					"$(inherited)",
				);
				GCC_WARN_64_TO_32_BIT_CONVERSION = YES;
				GCC_WARN_ABOUT_RETURN_TYPE = YES_ERROR;
				GCC_WARN_UNDECLARED_SELECTOR = YES;
				GCC_WARN_UNINITIALIZED_AUTOS = YES_AGGRESSIVE;
				GCC_WARN_UNUSED_FUNCTION = YES;
				GCC_WARN_UNUSED_VARIABLE = YES;
				IPHONEOS_DEPLOYMENT_TARGET = 16.2;
				MTL_ENABLE_DEBUG_INFO = INCLUDE_SOURCE;
				MTL_FAST_MATH = YES;
				ONLY_ACTIVE_ARCH = YES;
				SDKROOT = iphoneos;
				SWIFT_ACTIVE_COMPILATION_CONDITIONS = DEBUG;
				SWIFT_OPTIMIZATION_LEVEL = "-Onone";
			};
			name = Debug;
		};
		4FD8AC8229D4D24900CA760A /* Release */ = {
			isa = XCBuildConfiguration;
			buildSettings = {
				ALWAYS_SEARCH_USER_PATHS = NO;
				CLANG_ANALYZER_NONNULL = YES;
				CLANG_ANALYZER_NUMBER_OBJECT_CONVERSION = YES_AGGRESSIVE;
				CLANG_CXX_LANGUAGE_STANDARD = "gnu++20";
				CLANG_ENABLE_MODULES = YES;
				CLANG_ENABLE_OBJC_ARC = YES;
				CLANG_ENABLE_OBJC_WEAK = YES;
				CLANG_WARN_BLOCK_CAPTURE_AUTORELEASING = YES;
				CLANG_WARN_BOOL_CONVERSION = YES;
				CLANG_WARN_COMMA = YES;
				CLANG_WARN_CONSTANT_CONVERSION = YES;
				CLANG_WARN_DEPRECATED_OBJC_IMPLEMENTATIONS = YES;
				CLANG_WARN_DIRECT_OBJC_ISA_USAGE = YES_ERROR;
				CLANG_WARN_DOCUMENTATION_COMMENTS = YES;
				CLANG_WARN_EMPTY_BODY = YES;
				CLANG_WARN_ENUM_CONVERSION = YES;
				CLANG_WARN_INFINITE_RECURSION = YES;
				CLANG_WARN_INT_CONVERSION = YES;
				CLANG_WARN_NON_LITERAL_NULL_CONVERSION = YES;
				CLANG_WARN_OBJC_IMPLICIT_RETAIN_SELF = YES;
				CLANG_WARN_OBJC_LITERAL_CONVERSION = YES;
				CLANG_WARN_OBJC_ROOT_CLASS = YES_ERROR;
				CLANG_WARN_QUOTED_INCLUDE_IN_FRAMEWORK_HEADER = YES;
				CLANG_WARN_RANGE_LOOP_ANALYSIS = YES;
				CLANG_WARN_STRICT_PROTOTYPES = YES;
				CLANG_WARN_SUSPICIOUS_MOVE = YES;
				CLANG_WARN_UNGUARDED_AVAILABILITY = YES_AGGRESSIVE;
				CLANG_WARN_UNREACHABLE_CODE = YES;
				CLANG_WARN__DUPLICATE_METHOD_MATCH = YES;
				COPY_PHASE_STRIP = NO;
				DEBUG_INFORMATION_FORMAT = "dwarf-with-dsym";
				ENABLE_NS_ASSERTIONS = NO;
				ENABLE_STRICT_OBJC_MSGSEND = YES;
				GCC_C_LANGUAGE_STANDARD = gnu11;
				GCC_NO_COMMON_BLOCKS = YES;
				GCC_WARN_64_TO_32_BIT_CONVERSION = YES;
				GCC_WARN_ABOUT_RETURN_TYPE = YES_ERROR;
				GCC_WARN_UNDECLARED_SELECTOR = YES;
				GCC_WARN_UNINITIALIZED_AUTOS = YES_AGGRESSIVE;
				GCC_WARN_UNUSED_FUNCTION = YES;
				GCC_WARN_UNUSED_VARIABLE = YES;
				IPHONEOS_DEPLOYMENT_TARGET = 16.2;
				MTL_ENABLE_DEBUG_INFO = NO;
				MTL_FAST_MATH = YES;
				SDKROOT = iphoneos;
				SWIFT_COMPILATION_MODE = wholemodule;
				SWIFT_OPTIMIZATION_LEVEL = "-O";
				VALIDATE_PRODUCT = YES;
			};
			name = Release;
		};
		4FD8AC8429D4D24900CA760A /* Debug */ = {
			isa = XCBuildConfiguration;
			baseConfigurationReference = F5DD70EDD11C17C0EC2CB491 /* Pods-FYP.debug.xcconfig */;
			buildSettings = {
				ASSETCATALOG_COMPILER_APPICON_NAME = AppIcon;
				ASSETCATALOG_COMPILER_GLOBAL_ACCENT_COLOR_NAME = AccentColor;
				CODE_SIGN_STYLE = Automatic;
				CURRENT_PROJECT_VERSION = 1;
				GENERATE_INFOPLIST_FILE = YES;
				INFOPLIST_FILE = FYP/Info.plist;
				INFOPLIST_KEY_UIApplicationSupportsIndirectInputEvents = YES;
				INFOPLIST_KEY_UILaunchStoryboardName = LaunchScreen;
				INFOPLIST_KEY_UIMainStoryboardFile = Main;
				INFOPLIST_KEY_UISupportedInterfaceOrientations_iPad = "UIInterfaceOrientationPortrait UIInterfaceOrientationPortraitUpsideDown UIInterfaceOrientationLandscapeLeft UIInterfaceOrientationLandscapeRight";
				INFOPLIST_KEY_UISupportedInterfaceOrientations_iPhone = "UIInterfaceOrientationPortrait UIInterfaceOrientationLandscapeLeft UIInterfaceOrientationLandscapeRight";
				LD_RUNPATH_SEARCH_PATHS = (
					"$(inherited)",
					"@executable_path/Frameworks",
				);
				MARKETING_VERSION = 1.0;
				PRODUCT_BUNDLE_IDENTIFIER = YS.FYP;
				PRODUCT_NAME = "$(TARGET_NAME)";
				SWIFT_EMIT_LOC_STRINGS = YES;
				SWIFT_VERSION = 5.0;
				TARGETED_DEVICE_FAMILY = "1,2";
			};
			name = Debug;
		};
		4FD8AC8529D4D24900CA760A /* Release */ = {
			isa = XCBuildConfiguration;
			baseConfigurationReference = 3CB82B736B16BAFAC8ECF0E8 /* Pods-FYP.release.xcconfig */;
			buildSettings = {
				ASSETCATALOG_COMPILER_APPICON_NAME = AppIcon;
				ASSETCATALOG_COMPILER_GLOBAL_ACCENT_COLOR_NAME = AccentColor;
				CODE_SIGN_STYLE = Automatic;
				CURRENT_PROJECT_VERSION = 1;
				GENERATE_INFOPLIST_FILE = YES;
				INFOPLIST_FILE = FYP/Info.plist;
				INFOPLIST_KEY_UIApplicationSupportsIndirectInputEvents = YES;
				INFOPLIST_KEY_UILaunchStoryboardName = LaunchScreen;
				INFOPLIST_KEY_UIMainStoryboardFile = Main;
				INFOPLIST_KEY_UISupportedInterfaceOrientations_iPad = "UIInterfaceOrientationPortrait UIInterfaceOrientationPortraitUpsideDown UIInterfaceOrientationLandscapeLeft UIInterfaceOrientationLandscapeRight";
				INFOPLIST_KEY_UISupportedInterfaceOrientations_iPhone = "UIInterfaceOrientationPortrait UIInterfaceOrientationLandscapeLeft UIInterfaceOrientationLandscapeRight";
				LD_RUNPATH_SEARCH_PATHS = (
					"$(inherited)",
					"@executable_path/Frameworks",
				);
				MARKETING_VERSION = 1.0;
				PRODUCT_BUNDLE_IDENTIFIER = YS.FYP;
				PRODUCT_NAME = "$(TARGET_NAME)";
				SWIFT_EMIT_LOC_STRINGS = YES;
				SWIFT_VERSION = 5.0;
				TARGETED_DEVICE_FAMILY = "1,2";
			};
			name = Release;
		};
/* End XCBuildConfiguration section */

/* Begin XCConfigurationList section */
		4FD8AC6A29D4D24600CA760A /* Build configuration list for PBXProject "FYP" */ = {
			isa = XCConfigurationList;
			buildConfigurations = (
				4FD8AC8129D4D24900CA760A /* Debug */,
				4FD8AC8229D4D24900CA760A /* Release */,
			);
			defaultConfigurationIsVisible = 0;
			defaultConfigurationName = Release;
		};
		4FD8AC8329D4D24900CA760A /* Build configuration list for PBXNativeTarget "FYP" */ = {
			isa = XCConfigurationList;
			buildConfigurations = (
				4FD8AC8429D4D24900CA760A /* Debug */,
				4FD8AC8529D4D24900CA760A /* Release */,
			);
			defaultConfigurationIsVisible = 0;
			defaultConfigurationName = Release;
		};
/* End XCConfigurationList section */

/* Begin XCRemoteSwiftPackageReference section */
		4F975D9229D4F89B00A31188 /* XCRemoteSwiftPackageReference "firebase-ios-sdk" */ = {
			isa = XCRemoteSwiftPackageReference;
			repositoryURL = "https://github.com/firebase/firebase-ios-sdk";
			requirement = {
				kind = upToNextMajorVersion;
				minimumVersion = 9.0.0;
			};
		};
/* End XCRemoteSwiftPackageReference section */

/* Begin XCSwiftPackageProductDependency section */
		4F975D9329D4F89B00A31188 /* FirebaseAuth */ = {
			isa = XCSwiftPackageProductDependency;
			package = 4F975D9229D4F89B00A31188 /* XCRemoteSwiftPackageReference "firebase-ios-sdk" */;
			productName = FirebaseAuth;
		};
/* End XCSwiftPackageProductDependency section */
	};
	rootObject = 4FD8AC6729D4D24600CA760A /* Project object */;
}
